<?xml version="1.0" encoding="utf-8"?>
<Project ToolsVersion="4.0" xmlns="http://schemas.microsoft.com/developer/msbuild/2003">
  <ItemGroup>
    <Filter Include="Source Files">
      <UniqueIdentifier>{4FC737F1-C7A5-4376-A066-2A32D752A2FF}</UniqueIdentifier>
      <Extensions>cpp;c;cc;cxx;def;odl;idl;hpj;bat;asm;asmx</Extensions>
    </Filter>
    <Filter Include="Header Files">
      <UniqueIdentifier>{93995380-89BD-4b04-88EB-625FBE52EBFB}</UniqueIdentifier>
      <Extensions>h;hh;hpp;hxx;hm;inl;inc;xsd</Extensions>
    </Filter>
    <Filter Include="Resource Files">
      <UniqueIdentifier>{67DA6AB6-F800-4c08-8B7A-83BB121AAD01}</UniqueIdentifier>
      <Extensions>rc;ico;cur;bmp;dlg;rc2;rct;bin;rgs;gif;jpg;jpeg;jpe;resx;tiff;tif;png;wav;mfcribbon-ms</Extensions>
    </Filter>
    <Filter Include="Header Files\OsuEntities">
      <UniqueIdentifier>{a1e06371-48ab-4b77-a56e-ed8eb353bc1a}</UniqueIdentifier>
    </Filter>
    <Filter Include="Source Files\OsuEntities">
      <UniqueIdentifier>{38e75fb4-617a-48be-8bac-5fdb8bf3caf7}</UniqueIdentifier>
    </Filter>
    <Filter Include="Header Files\Math">
      <UniqueIdentifier>{cbd384f2-0f41-4944-9791-86659a35b90a}</UniqueIdentifier>
    </Filter>
    <Filter Include="Header Files\OsuCore">
      <UniqueIdentifier>{d1268b2b-79ed-40b3-8994-1e90517262ed}</UniqueIdentifier>
    </Filter>
    <Filter Include="Source Files\OsuCore">
      <UniqueIdentifier>{f82c451b-e028-4c23-9025-3ae73888a7d5}</UniqueIdentifier>
    </Filter>
  </ItemGroup>
  <ItemGroup>
    <Text Include="ReadMe.txt" />
  </ItemGroup>
  <ItemGroup>
    <ClInclude Include="stdafx.h">
      <Filter>Header Files</Filter>
    </ClInclude>
    <ClInclude Include="targetver.h">
      <Filter>Header Files</Filter>
    </ClInclude>
    <ClInclude Include="TABOsu.h">
      <Filter>Header Files</Filter>
    </ClInclude>
    <ClInclude Include="ThReadStack.h">
      <Filter>Header Files</Filter>
    </ClInclude>
    <ClInclude Include="OsuHandler.h">
      <Filter>Header Files</Filter>
    </ClInclude>
    <ClInclude Include="OsuEntity.h">
      <Filter>Header Files\OsuEntities</Filter>
    </ClInclude>
    <ClInclude Include="HitCircle.h">
      <Filter>Header Files\OsuEntities</Filter>
    </ClInclude>
    <ClInclude Include="Spinner.h">
      <Filter>Header Files\OsuEntities</Filter>
    </ClInclude>
    <ClInclude Include="Slider.h">
      <Filter>Header Files\OsuEntities</Filter>
    </ClInclude>
    <ClInclude Include="math.h">
      <Filter>Header Files\Math</Filter>
    </ClInclude>
    <ClInclude Include="CircularArcApproximator.h">
      <Filter>Header Files\Math</Filter>
    </ClInclude>
    <ClInclude Include="BezierApproximator.h">
      <Filter>Header Files\Math</Filter>
    </ClInclude>
    <ClInclude Include="SliderPath.h">
      <Filter>Header Files\OsuEntities</Filter>
    </ClInclude>
    <ClInclude Include="ntinfo.h">
      <Filter>Header Files\OsuCore</Filter>
    </ClInclude>
    <ClInclude Include="inputControll.h">
      <Filter>Header Files\OsuCore</Filter>
    </ClInclude>
    <ClInclude Include="MapParser.h">
      <Filter>Header Files\OsuCore</Filter>
    </ClInclude>
    <ClInclude Include="autoco.h">
      <Filter>Header Files\OsuCore</Filter>
    </ClInclude>
    <ClInclude Include="CatmullApproximator.h">
      <Filter>Header Files\Math</Filter>
    </ClInclude>
  </ItemGroup>
  <ItemGroup>
    <ClCompile Include="stdafx.cpp">
      <Filter>Source Files</Filter>
    </ClCompile>
    <ClCompile Include="TABOsu.cpp">
      <Filter>Source Files</Filter>
    </ClCompile>
    <ClCompile Include="dllmain.cpp">
      <Filter>Source Files</Filter>
    </ClCompile>
    <ClCompile Include="ntinfo.cpp">
      <Filter>Source Files</Filter>
    </ClCompile>
    <ClCompile Include="ThReadStack.cpp">
      <Filter>Source Files</Filter>
    </ClCompile>
    <ClCompile Include="OsuHandler.cpp">
      <Filter>Source Files</Filter>
    </ClCompile>
    <ClCompile Include="HitCircle.cpp">
      <Filter>Source Files\OsuEntities</Filter>
    </ClCompile>
    <ClCompile Include="Slider.cpp">
      <Filter>Source Files\OsuEntities</Filter>
    </ClCompile>
    <ClCompile Include="Spinner.cpp">
      <Filter>Source Files\OsuEntities</Filter>
    </ClCompile>
    <ClCompile Include="MapParser.cpp">
      <Filter>Source Files\OsuCore</Filter>
    </ClCompile>
    <ClCompile Include="autoco.cpp">
      <Filter>Source Files\OsuCore</Filter>
    </ClCompile>
  </ItemGroup>
</Project>